{
  "name": "sassworkfolder",
  "version": "1.0.0",
  "lockfileVersion": 2,
  "requires": true,
  "packages": {
    "": {
      "name": "sassworkfolder",
      "version": "1.0.0",
      "license": "ISC",
      "dependencies": {
        "vnu-jar": "^21.7.12"
      }
    },
    "node_modules/vnu-jar": {
      "version": "21.7.12",
      "resolved": "https://registry.npmjs.org/vnu-jar/-/vnu-jar-21.7.12.tgz",
      "integrity": "sha512-zv80n/GPAWfN+5mphjXzKuWQYyTdtrC6JR8JpwnC1SfAGpzO6/Sm4HkFJhuRVBRHeo1SvMHqg6t266AeBI13Ew==",
      "engines": {
        "node": ">=0.10"
      }
    }
  },
  "dependencies": {
    "vnu-jar": {
      "version": "21.7.12",
      "resolved": "https://registry.npmjs.org/vnu-jar/-/vnu-jar-21.7.12.tgz",
      "integrity": "sha512-zv80n/GPAWfN+5mphjXzKuWQYyTdtrC6JR8JpwnC1SfAGpzO6/Sm4HkFJhuRVBRHeo1SvMHqg6t266AeBI13Ew=="
    }
  }
}
